
Microsoft Visual Studio Solution File, Format Version 12.00
# Visual Studio 15
VisualStudioVersion = 15.0.28307.106
MinimumVisualStudioVersion = 10.0.40219.1
Project("{9A19103F-16F7-4668-BE54-9A1E7A4F7556}") = "PizzaChallenge", "PizzaChallenge\PizzaChallenge.csproj", "{CA3F2125-53E6-4DDD-914C-9FA53AE5D227}"
EndProject
Project("{9A19103F-16F7-4668-BE54-9A1E7A4F7556}") = "PizzaChallenge.UnitTests", "PizzaChallenge.UnitTests\PizzaChallenge.UnitTests.csproj", "{1488E493-02AC-4078-A3BD-57A87EFEAA6B}"
EndProject
Global
	GlobalSection(SolutionConfigurationPlatforms) = preSolution
		Debug|Any CPU = Debug|Any CPU
		Debug|ARM = Debug|ARM
		Debug|ARM64 = Debug|ARM64
		Debug|x64 = Debug|x64
		Debug|x86 = Debug|x86
		Release|Any CPU = Release|Any CPU
		Release|ARM = Release|ARM
		Release|ARM64 = Release|ARM64
		Release|x64 = Release|x64
		Release|x86 = Release|x86
	EndGlobalSection
	GlobalSection(ProjectConfigurationPlatforms) = postSolution
		{CA3F2125-53E6-4DDD-914C-9FA53AE5D227}.Debug|Any CPU.ActiveCfg = Debug|Any CPU
		{CA3F2125-53E6-4DDD-914C-9FA53AE5D227}.Debug|Any CPU.Build.0 = Debug|Any CPU
		{CA3F2125-53E6-4DDD-914C-9FA53AE5D227}.Debug|ARM.ActiveCfg = Debug|Any CPU
		{CA3F2125-53E6-4DDD-914C-9FA53AE5D227}.Debug|ARM.Build.0 = Debug|Any CPU
		{CA3F2125-53E6-4DDD-914C-9FA53AE5D227}.Debug|ARM64.ActiveCfg = Debug|Any CPU
		{CA3F2125-53E6-4DDD-914C-9FA53AE5D227}.Debug|ARM64.Build.0 = Debug|Any CPU
		{CA3F2125-53E6-4DDD-914C-9FA53AE5D227}.Debug|x64.ActiveCfg = Debug|Any CPU
		{CA3F2125-53E6-4DDD-914C-9FA53AE5D227}.Debug|x64.Build.0 = Debug|Any CPU
		{CA3F2125-53E6-4DDD-914C-9FA53AE5D227}.Debug|x86.ActiveCfg = Debug|Any CPU
		{CA3F2125-53E6-4DDD-914C-9FA53AE5D227}.Debug|x86.Build.0 = Debug|Any CPU
		{CA3F2125-53E6-4DDD-914C-9FA53AE5D227}.Release|Any CPU.ActiveCfg = Release|Any CPU
		{CA3F2125-53E6-4DDD-914C-9FA53AE5D227}.Release|Any CPU.Build.0 = Release|Any CPU
		{CA3F2125-53E6-4DDD-914C-9FA53AE5D227}.Release|ARM.ActiveCfg = Release|Any CPU
		{CA3F2125-53E6-4DDD-914C-9FA53AE5D227}.Release|ARM.Build.0 = Release|Any CPU
		{CA3F2125-53E6-4DDD-914C-9FA53AE5D227}.Release|ARM64.ActiveCfg = Release|Any CPU
		{CA3F2125-53E6-4DDD-914C-9FA53AE5D227}.Release|ARM64.Build.0 = Release|Any CPU
		{CA3F2125-53E6-4DDD-914C-9FA53AE5D227}.Release|x64.ActiveCfg = Release|Any CPU
		{CA3F2125-53E6-4DDD-914C-9FA53AE5D227}.Release|x64.Build.0 = Release|Any CPU
		{CA3F2125-53E6-4DDD-914C-9FA53AE5D227}.Release|x86.ActiveCfg = Release|Any CPU
		{CA3F2125-53E6-4DDD-914C-9FA53AE5D227}.Release|x86.Build.0 = Release|Any CPU
		{1488E493-02AC-4078-A3BD-57A87EFEAA6B}.Debug|Any CPU.ActiveCfg = Debug|Any CPU
		{1488E493-02AC-4078-A3BD-57A87EFEAA6B}.Debug|Any CPU.Build.0 = Debug|Any CPU
		{1488E493-02AC-4078-A3BD-57A87EFEAA6B}.Debug|ARM.ActiveCfg = Debug|Any CPU
		{1488E493-02AC-4078-A3BD-57A87EFEAA6B}.Debug|ARM.Build.0 = Debug|Any CPU
		{1488E493-02AC-4078-A3BD-57A87EFEAA6B}.Debug|ARM64.ActiveCfg = Debug|Any CPU
		{1488E493-02AC-4078-A3BD-57A87EFEAA6B}.Debug|ARM64.Build.0 = Debug|Any CPU
		{1488E493-02AC-4078-A3BD-57A87EFEAA6B}.Debug|x64.ActiveCfg = Debug|Any CPU
		{1488E493-02AC-4078-A3BD-57A87EFEAA6B}.Debug|x64.Build.0 = Debug|Any CPU
		{1488E493-02AC-4078-A3BD-57A87EFEAA6B}.Debug|x86.ActiveCfg = Debug|Any CPU
		{1488E493-02AC-4078-A3BD-57A87EFEAA6B}.Debug|x86.Build.0 = Debug|Any CPU
		{1488E493-02AC-4078-A3BD-57A87EFEAA6B}.Release|Any CPU.ActiveCfg = Release|Any CPU
		{1488E493-02AC-4078-A3BD-57A87EFEAA6B}.Release|Any CPU.Build.0 = Release|Any CPU
		{1488E493-02AC-4078-A3BD-57A87EFEAA6B}.Release|ARM.ActiveCfg = Release|Any CPU
		{1488E493-02AC-4078-A3BD-57A87EFEAA6B}.Release|ARM.Build.0 = Release|Any CPU
		{1488E493-02AC-4078-A3BD-57A87EFEAA6B}.Release|ARM64.ActiveCfg = Release|Any CPU
		{1488E493-02AC-4078-A3BD-57A87EFEAA6B}.Release|ARM64.Build.0 = Release|Any CPU
		{1488E493-02AC-4078-A3BD-57A87EFEAA6B}.Release|x64.ActiveCfg = Release|Any CPU
		{1488E493-02AC-4078-A3BD-57A87EFEAA6B}.Release|x64.Build.0 = Release|Any CPU
		{1488E493-02AC-4078-A3BD-57A87EFEAA6B}.Release|x86.ActiveCfg = Release|Any CPU
		{1488E493-02AC-4078-A3BD-57A87EFEAA6B}.Release|x86.Build.0 = Release|Any CPU
	EndGlobalSection
	GlobalSection(SolutionProperties) = preSolution
		HideSolutionNode = FALSE
	EndGlobalSection
	GlobalSection(ExtensibilityGlobals) = postSolution
		SolutionGuid = {6FC4127B-530F-4B42-9419-D0FA062B38D5}
	EndGlobalSection
	GlobalSection(Performance) = preSolution
		HasPerformanceSessions = true
	EndGlobalSection
EndGlobal
